
Microsoft Visual Studio Solution File, Format Version 12.00
# Visual Studio Version 17
VisualStudioVersion = 17.1.32328.378
MinimumVisualStudioVersion = 10.0.40219.1
Project("{FAE04EC0-301F-11D3-BF4B-00C04F79EFBC}") = "CRUD.Automotriz", "CRUD.Automotriz.csproj", "{FA2DB3AD-A1F4-4B6B-A345-30167C9AA497}"
EndProject
Global
	GlobalSection(SolutionConfigurationPlatforms) = preSolution
		Debug|Any CPU = Debug|Any CPU
		Release|Any CPU = Release|Any CPU
	EndGlobalSection
	GlobalSection(ProjectConfigurationPlatforms) = postSolution
		{FA2DB3AD-A1F4-4B6B-A345-30167C9AA497}.Debug|Any CPU.ActiveCfg = Debug|Any CPU
		{FA2DB3AD-A1F4-4B6B-A345-30167C9AA497}.Debug|Any CPU.Build.0 = Debug|Any CPU
		{FA2DB3AD-A1F4-4B6B-A345-30167C9AA497}.Release|Any CPU.ActiveCfg = Release|Any CPU
		{FA2DB3AD-A1F4-4B6B-A345-30167C9AA497}.Release|Any CPU.Build.0 = Release|Any CPU
	EndGlobalSection
	GlobalSection(SolutionProperties) = preSolution
		HideSolutionNode = FALSE
	EndGlobalSection
	GlobalSection(ExtensibilityGlobals) = postSolution
		SolutionGuid = {7F35170E-DBDA-4178-AEB2-606E4A94E017}
	EndGlobalSection
EndGlobal
